
Microsoft Visual Studio Solution File, Format Version 12.00
# Visual Studio Version 17
VisualStudioVersion = 17.0.32126.317
MinimumVisualStudioVersion = 10.0.40219.1
Project("{FAE04EC0-301F-11D3-BF4B-00C04F79EFBC}") = "Overwatch.CatCounter", "Overwatch.CatCounter.csproj", "{CD58A51B-35A3-4F6B-87B4-A96410EF32EC}"
EndProject
Project("{FAE04EC0-301F-11D3-BF4B-00C04F79EFBC}") = "Overwatch.CatCounter.Tests", "..\Overwatch.CatCounter.Tests\Overwatch.CatCounter.Tests.csproj", "{43A3FCCF-C9B2-4D9C-9F3D-0DF629AB8586}"
EndProject
Global
	GlobalSection(SolutionConfigurationPlatforms) = preSolution
		Debug|Any CPU = Debug|Any CPU
		Release|Any CPU = Release|Any CPU
	EndGlobalSection
	GlobalSection(ProjectConfigurationPlatforms) = postSolution
		{CD58A51B-35A3-4F6B-87B4-A96410EF32EC}.Debug|Any CPU.ActiveCfg = Debug|Any CPU
		{CD58A51B-35A3-4F6B-87B4-A96410EF32EC}.Debug|Any CPU.Build.0 = Debug|Any CPU
		{CD58A51B-35A3-4F6B-87B4-A96410EF32EC}.Release|Any CPU.ActiveCfg = Release|Any CPU
		{CD58A51B-35A3-4F6B-87B4-A96410EF32EC}.Release|Any CPU.Build.0 = Release|Any CPU
		{43A3FCCF-C9B2-4D9C-9F3D-0DF629AB8586}.Debug|Any CPU.ActiveCfg = Debug|Any CPU
		{43A3FCCF-C9B2-4D9C-9F3D-0DF629AB8586}.Debug|Any CPU.Build.0 = Debug|Any CPU
		{43A3FCCF-C9B2-4D9C-9F3D-0DF629AB8586}.Release|Any CPU.ActiveCfg = Release|Any CPU
		{43A3FCCF-C9B2-4D9C-9F3D-0DF629AB8586}.Release|Any CPU.Build.0 = Release|Any CPU
	EndGlobalSection
	GlobalSection(SolutionProperties) = preSolution
		HideSolutionNode = FALSE
	EndGlobalSection
	GlobalSection(ExtensibilityGlobals) = postSolution
		SolutionGuid = {DC603F64-233A-484E-AC97-F86A75440782}
	EndGlobalSection
EndGlobal
